
Microsoft Visual Studio Solution File, Format Version 12.00
# Visual Studio Version 16
VisualStudioVersion = 16.0.30717.126
MinimumVisualStudioVersion = 10.0.40219.1
Project("{FAE04EC0-301F-11D3-BF4B-00C04F79EFBC}") = "AirTransmissionSystem", "AirTransmissionSystem.csproj", "{FB926E83-60EC-4E65-AF2B-908713EE5602}"
EndProject
Global
	GlobalSection(SolutionConfigurationPlatforms) = preSolution
		Debug|Any CPU = Debug|Any CPU
		Release|Any CPU = Release|Any CPU
	EndGlobalSection
	GlobalSection(ProjectConfigurationPlatforms) = postSolution
		{FB926E83-60EC-4E65-AF2B-908713EE5602}.Debug|Any CPU.ActiveCfg = Debug|Any CPU
		{FB926E83-60EC-4E65-AF2B-908713EE5602}.Debug|Any CPU.Build.0 = Debug|Any CPU
		{FB926E83-60EC-4E65-AF2B-908713EE5602}.Release|Any CPU.ActiveCfg = Release|Any CPU
		{FB926E83-60EC-4E65-AF2B-908713EE5602}.Release|Any CPU.Build.0 = Release|Any CPU
	EndGlobalSection
	GlobalSection(SolutionProperties) = preSolution
		HideSolutionNode = FALSE
	EndGlobalSection
	GlobalSection(ExtensibilityGlobals) = postSolution
		SolutionGuid = {B46DA039-3AA2-4422-A2F2-63F1B4DD1F7F}
	EndGlobalSection
EndGlobal
